
Microsoft Visual Studio Solution File, Format Version 12.00
# Visual Studio Version 17
VisualStudioVersion = 17.5.33103.201
MinimumVisualStudioVersion = 10.0.40219.1
Project("{FAE04EC0-301F-11D3-BF4B-00C04F79EFBC}") = "GShadePatcher", "GShadePatcher.csproj", "{64405CE3-8C91-4B83-9831-FF07FCD673B0}"
EndProject
Global
	GlobalSection(SolutionConfigurationPlatforms) = preSolution
		Debug|Any CPU = Debug|Any CPU
		Release|Any CPU = Release|Any CPU
	EndGlobalSection
	GlobalSection(ProjectConfigurationPlatforms) = postSolution
		{64405CE3-8C91-4B83-9831-FF07FCD673B0}.Debug|Any CPU.ActiveCfg = Debug|Any CPU
		{64405CE3-8C91-4B83-9831-FF07FCD673B0}.Debug|Any CPU.Build.0 = Debug|Any CPU
		{64405CE3-8C91-4B83-9831-FF07FCD673B0}.Release|Any CPU.ActiveCfg = Release|Any CPU
		{64405CE3-8C91-4B83-9831-FF07FCD673B0}.Release|Any CPU.Build.0 = Release|Any CPU
	EndGlobalSection
	GlobalSection(SolutionProperties) = preSolution
		HideSolutionNode = FALSE
	EndGlobalSection
	GlobalSection(ExtensibilityGlobals) = postSolution
		SolutionGuid = {131A6954-E75C-42CD-8748-747847E75C85}
	EndGlobalSection
EndGlobal
